{
  "name": "@dependable/vite",
  "version": "1.0.0",
  "lockfileVersion": 3,
  "requires": true,
  "packages": {
    "": {
      "name": "@dependable/vite",
      "version": "1.0.0",
      "license": "MIT",
      "dependencies": {
        "@dependable/session": "^0.14.0"
      },
      "devDependencies": {}
    },
    "node_modules/@dependable/session": {
      "version": "0.14.0",
      "resolved": "https://registry.npmjs.org/@dependable/session/-/session-0.14.0.tgz",
      "integrity": "sha512-COMj0EdLpAouW5rI627CCeMUjhogfmrXYKnxSUef8rJSeXurv7tL9ulWBchECKgPF425vGArJDaR1DrSky1QMw==",
      "dependencies": {
        "@dependable/state": ">= 0.20",
        "just-clone": "^6.1.1"
      },
      "engines": {
        "node": ">=14"
      }
    },
    "node_modules/@dependable/state": {
      "version": "0.20.0",
      "resolved": "https://registry.npmjs.org/@dependable/state/-/state-0.20.0.tgz",
      "integrity": "sha512-haE/cMvFaqJcJfkxnhDKUlZpKDPktPwMN4oW3cdkJLQ22qL5AadBQD2pih2Wtwp4l7FtKJr6gvRXOhGMQ0MKYA==",
      "engines": {
        "node": ">=14"
      }
    },
    "node_modules/just-clone": {
      "version": "6.2.0",
      "resolved": "https://registry.npmjs.org/just-clone/-/just-clone-6.2.0.tgz",
      "integrity": "sha512-1IynUYEc/HAwxhi3WDpIpxJbZpMCvvrrmZVqvj9EhpvbH8lls7HhdhiByjL7DkAaWlLIzpC0Xc/VPvy/UxLNjA=="
    }
  }
}
